
Microsoft Visual Studio Solution File, Format Version 12.00
# Visual Studio 14
VisualStudioVersion = 14.0.25420.1
MinimumVisualStudioVersion = 10.0.40219.1
Project("{8BC9CEB8-8B4A-11D0-8D11-00A0C91BC942}") = "0713", "0713\0713.vcxproj", "{8FE245FA-D04C-4FD8-86AA-F9EE9289D29A}"
EndProject
Project("{8BC9CEB8-8B4A-11D0-8D11-00A0C91BC942}") = "0715", "0715\0715.vcxproj", "{DB79FDA1-2BB5-4B1D-B767-A83081B91AAD}"
EndProject
Project("{8BC9CEB8-8B4A-11D0-8D11-00A0C91BC942}") = "0717", "0717\0717.vcxproj", "{92CD174A-DC45-462A-A79E-2BABD8C25597}"
EndProject
Project("{8BC9CEB8-8B4A-11D0-8D11-00A0C91BC942}") = "0720", "0720\0720.vcxproj", "{1A090A53-9DAC-481B-8373-5A3DF86FD828}"
EndProject
Project("{8BC9CEB8-8B4A-11D0-8D11-00A0C91BC942}") = "0722", "0722\0722.vcxproj", "{934A937D-0DF6-4EA8-81BF-AAFE254081F5}"
EndProject
Global
	GlobalSection(SolutionConfigurationPlatforms) = preSolution
		Debug|x64 = Debug|x64
		Debug|x86 = Debug|x86
		Release|x64 = Release|x64
		Release|x86 = Release|x86
	EndGlobalSection
	GlobalSection(ProjectConfigurationPlatforms) = postSolution
		{8FE245FA-D04C-4FD8-86AA-F9EE9289D29A}.Debug|x64.ActiveCfg = Debug|x64
		{8FE245FA-D04C-4FD8-86AA-F9EE9289D29A}.Debug|x64.Build.0 = Debug|x64
		{8FE245FA-D04C-4FD8-86AA-F9EE9289D29A}.Debug|x86.ActiveCfg = Debug|Win32
		{8FE245FA-D04C-4FD8-86AA-F9EE9289D29A}.Debug|x86.Build.0 = Debug|Win32
		{8FE245FA-D04C-4FD8-86AA-F9EE9289D29A}.Release|x64.ActiveCfg = Release|x64
		{8FE245FA-D04C-4FD8-86AA-F9EE9289D29A}.Release|x64.Build.0 = Release|x64
		{8FE245FA-D04C-4FD8-86AA-F9EE9289D29A}.Release|x86.ActiveCfg = Release|Win32
		{8FE245FA-D04C-4FD8-86AA-F9EE9289D29A}.Release|x86.Build.0 = Release|Win32
		{DB79FDA1-2BB5-4B1D-B767-A83081B91AAD}.Debug|x64.ActiveCfg = Debug|x64
		{DB79FDA1-2BB5-4B1D-B767-A83081B91AAD}.Debug|x64.Build.0 = Debug|x64
		{DB79FDA1-2BB5-4B1D-B767-A83081B91AAD}.Debug|x86.ActiveCfg = Debug|Win32
		{DB79FDA1-2BB5-4B1D-B767-A83081B91AAD}.Debug|x86.Build.0 = Debug|Win32
		{DB79FDA1-2BB5-4B1D-B767-A83081B91AAD}.Release|x64.ActiveCfg = Release|x64
		{DB79FDA1-2BB5-4B1D-B767-A83081B91AAD}.Release|x64.Build.0 = Release|x64
		{DB79FDA1-2BB5-4B1D-B767-A83081B91AAD}.Release|x86.ActiveCfg = Release|Win32
		{DB79FDA1-2BB5-4B1D-B767-A83081B91AAD}.Release|x86.Build.0 = Release|Win32
		{92CD174A-DC45-462A-A79E-2BABD8C25597}.Debug|x64.ActiveCfg = Debug|x64
		{92CD174A-DC45-462A-A79E-2BABD8C25597}.Debug|x64.Build.0 = Debug|x64
		{92CD174A-DC45-462A-A79E-2BABD8C25597}.Debug|x86.ActiveCfg = Debug|Win32
		{92CD174A-DC45-462A-A79E-2BABD8C25597}.Debug|x86.Build.0 = Debug|Win32
		{92CD174A-DC45-462A-A79E-2BABD8C25597}.Release|x64.ActiveCfg = Release|x64
		{92CD174A-DC45-462A-A79E-2BABD8C25597}.Release|x64.Build.0 = Release|x64
		{92CD174A-DC45-462A-A79E-2BABD8C25597}.Release|x86.ActiveCfg = Release|Win32
		{92CD174A-DC45-462A-A79E-2BABD8C25597}.Release|x86.Build.0 = Release|Win32
		{1A090A53-9DAC-481B-8373-5A3DF86FD828}.Debug|x64.ActiveCfg = Debug|x64
		{1A090A53-9DAC-481B-8373-5A3DF86FD828}.Debug|x64.Build.0 = Debug|x64
		{1A090A53-9DAC-481B-8373-5A3DF86FD828}.Debug|x86.ActiveCfg = Debug|Win32
		{1A090A53-9DAC-481B-8373-5A3DF86FD828}.Debug|x86.Build.0 = Debug|Win32
		{1A090A53-9DAC-481B-8373-5A3DF86FD828}.Release|x64.ActiveCfg = Release|x64
		{1A090A53-9DAC-481B-8373-5A3DF86FD828}.Release|x64.Build.0 = Release|x64
		{1A090A53-9DAC-481B-8373-5A3DF86FD828}.Release|x86.ActiveCfg = Release|Win32
		{1A090A53-9DAC-481B-8373-5A3DF86FD828}.Release|x86.Build.0 = Release|Win32
		{934A937D-0DF6-4EA8-81BF-AAFE254081F5}.Debug|x64.ActiveCfg = Debug|x64
		{934A937D-0DF6-4EA8-81BF-AAFE254081F5}.Debug|x64.Build.0 = Debug|x64
		{934A937D-0DF6-4EA8-81BF-AAFE254081F5}.Debug|x86.ActiveCfg = Debug|Win32
		{934A937D-0DF6-4EA8-81BF-AAFE254081F5}.Debug|x86.Build.0 = Debug|Win32
		{934A937D-0DF6-4EA8-81BF-AAFE254081F5}.Release|x64.ActiveCfg = Release|x64
		{934A937D-0DF6-4EA8-81BF-AAFE254081F5}.Release|x64.Build.0 = Release|x64
		{934A937D-0DF6-4EA8-81BF-AAFE254081F5}.Release|x86.ActiveCfg = Release|Win32
		{934A937D-0DF6-4EA8-81BF-AAFE254081F5}.Release|x86.Build.0 = Release|Win32
	EndGlobalSection
	GlobalSection(SolutionProperties) = preSolution
		HideSolutionNode = FALSE
	EndGlobalSection
EndGlobal
